// !$*UTF8*$!
{
	archiveVersion = 1;
	classes = {
	};
	objectVersion = 48;
	objects = {

/* Begin PBXBuildFile section */
		06E4558A201D1534001C72AA /* AppDelegate.swift in Sources */ = {isa = PBXBuildFile; fileRef = 06E45589201D1534001C72AA /* AppDelegate.swift */; };
		06E4558C201D1534001C72AA /* ViewController.swift in Sources */ = {isa = PBXBuildFile; fileRef = 06E4558B201D1534001C72AA /* ViewController.swift */; };
		06E4558F201D1534001C72AA /* Main.storyboard in Resources */ = {isa = PBXBuildFile; fileRef = 06E4558D201D1534001C72AA /* Main.storyboard */; };
		06E45591201D1534001C72AA /* Assets.xcassets in Resources */ = {isa = PBXBuildFile; fileRef = 06E45590201D1534001C72AA /* Assets.xcassets */; };
		06E45594201D1534001C72AA /* LaunchScreen.storyboard in Resources */ = {isa = PBXBuildFile; fileRef = 06E45592201D1534001C72AA /* LaunchScreen.storyboard */; };
		06E4559F201D1534001C72AA /* CheckInTests.swift in Sources */ = {isa = PBXBuildFile; fileRef = 06E4559E201D1534001C72AA /* CheckInTests.swift */; };
		06E455AA201D1534001C72AA /* CheckInUITests.swift in Sources */ = {isa = PBXBuildFile; fileRef = 06E455A9201D1534001C72AA /* CheckInUITests.swift */; };
		06E455B8201D16A1001C72AA /* MoodSelector.swift in Sources */ = {isa = PBXBuildFile; fileRef = 06E455B7201D16A1001C72AA /* MoodSelector.swift */; };
		06E455BA201D3BAE001C72AA /* ViewControllerMood.swift in Sources */ = {isa = PBXBuildFile; fileRef = 06E455B9201D3BAE001C72AA /* ViewControllerMood.swift */; };
/* End PBXBuildFile section */

/* Begin PBXContainerItemProxy section */
		06E4559B201D1534001C72AA /* PBXContainerItemProxy */ = {
			isa = PBXContainerItemProxy;
			containerPortal = 06E4557E201D1534001C72AA /* Project object */;
			proxyType = 1;
			remoteGlobalIDString = 06E45585201D1534001C72AA;
			remoteInfo = CheckIn;
		};
		06E455A6201D1534001C72AA /* PBXContainerItemProxy */ = {
			isa = PBXContainerItemProxy;
			containerPortal = 06E4557E201D1534001C72AA /* Project object */;
			proxyType = 1;
			remoteGlobalIDString = 06E45585201D1534001C72AA;
			remoteInfo = CheckIn;
		};
/* End PBXContainerItemProxy section */

/* Begin PBXFileReference section */
		06E45586201D1534001C72AA /* CheckIn.app */ = {isa = PBXFileReference; explicitFileType = wrapper.application; includeInIndex = 0; path = CheckIn.app; sourceTree = BUILT_PRODUCTS_DIR; };
		06E45589201D1534001C72AA /* AppDelegate.swift */ = {isa = PBXFileReference; lastKnownFileType = sourcecode.swift; path = AppDelegate.swift; sourceTree = "<group>"; };
		06E4558B201D1534001C72AA /* ViewController.swift */ = {isa = PBXFileReference; lastKnownFileType = sourcecode.swift; path = ViewController.swift; sourceTree = "<group>"; };
		06E4558E201D1534001C72AA /* Base */ = {isa = PBXFileReference; lastKnownFileType = file.storyboard; name = Base; path = Base.lproj/Main.storyboard; sourceTree = "<group>"; };
		06E45590201D1534001C72AA /* Assets.xcassets */ = {isa = PBXFileReference; lastKnownFileType = folder.assetcatalog; path = Assets.xcassets; sourceTree = "<group>"; };
		06E45593201D1534001C72AA /* Base */ = {isa = PBXFileReference; lastKnownFileType = file.storyboard; name = Base; path = Base.lproj/LaunchScreen.storyboard; sourceTree = "<group>"; };
		06E45595201D1534001C72AA /* Info.plist */ = {isa = PBXFileReference; lastKnownFileType = text.plist.xml; path = Info.plist; sourceTree = "<group>"; };
		06E4559A201D1534001C72AA /* CheckInTests.xctest */ = {isa = PBXFileReference; explicitFileType = wrapper.cfbundle; includeInIndex = 0; path = CheckInTests.xctest; sourceTree = BUILT_PRODUCTS_DIR; };
		06E4559E201D1534001C72AA /* CheckInTests.swift */ = {isa = PBXFileReference; lastKnownFileType = sourcecode.swift; path = CheckInTests.swift; sourceTree = "<group>"; };
		06E455A0201D1534001C72AA /* Info.plist */ = {isa = PBXFileReference; lastKnownFileType = text.plist.xml; path = Info.plist; sourceTree = "<group>"; };
		06E455A5201D1534001C72AA /* CheckInUITests.xctest */ = {isa = PBXFileReference; explicitFileType = wrapper.cfbundle; includeInIndex = 0; path = CheckInUITests.xctest; sourceTree = BUILT_PRODUCTS_DIR; };
		06E455A9201D1534001C72AA /* CheckInUITests.swift */ = {isa = PBXFileReference; lastKnownFileType = sourcecode.swift; path = CheckInUITests.swift; sourceTree = "<group>"; };
		06E455AB201D1534001C72AA /* Info.plist */ = {isa = PBXFileReference; lastKnownFileType = text.plist.xml; path = Info.plist; sourceTree = "<group>"; };
		06E455B7201D16A1001C72AA /* MoodSelector.swift */ = {isa = PBXFileReference; lastKnownFileType = sourcecode.swift; path = MoodSelector.swift; sourceTree = "<group>"; };
		06E455B9201D3BAE001C72AA /* ViewControllerMood.swift */ = {isa = PBXFileReference; lastKnownFileType = sourcecode.swift; path = ViewControllerMood.swift; sourceTree = "<group>"; };
/* End PBXFileReference section */

/* Begin PBXFrameworksBuildPhase section */
		06E45583201D1534001C72AA /* Frameworks */ = {
			isa = PBXFrameworksBuildPhase;
			buildActionMask = 2147483647;
			files = (
			);
			runOnlyForDeploymentPostprocessing = 0;
		};
		06E45597201D1534001C72AA /* Frameworks */ = {
			isa = PBXFrameworksBuildPhase;
			buildActionMask = 2147483647;
			files = (
			);
			runOnlyForDeploymentPostprocessing = 0;
		};
		06E455A2201D1534001C72AA /* Frameworks */ = {
			isa = PBXFrameworksBuildPhase;
			buildActionMask = 2147483647;
			files = (
			);
			runOnlyForDeploymentPostprocessing = 0;
		};
/* End PBXFrameworksBuildPhase section */

/* Begin PBXGroup section */
		06E4557D201D1534001C72AA = {
			isa = PBXGroup;
			children = (
				06E45588201D1534001C72AA /* CheckIn */,
				06E4559D201D1534001C72AA /* CheckInTests */,
				06E455A8201D1534001C72AA /* CheckInUITests */,
				06E45587201D1534001C72AA /* Products */,
			);
			sourceTree = "<group>";
		};
		06E45587201D1534001C72AA /* Products */ = {
			isa = PBXGroup;
			children = (
				06E45586201D1534001C72AA /* CheckIn.app */,
				06E4559A201D1534001C72AA /* CheckInTests.xctest */,
				06E455A5201D1534001C72AA /* CheckInUITests.xctest */,
			);
			name = Products;
			sourceTree = "<group>";
		};
		06E45588201D1534001C72AA /* CheckIn */ = {
			isa = PBXGroup;
			children = (
				06E45589201D1534001C72AA /* AppDelegate.swift */,
				06E4558B201D1534001C72AA /* ViewController.swift */,
				06E4558D201D1534001C72AA /* Main.storyboard */,
				06E455B9201D3BAE001C72AA /* ViewControllerMood.swift */,
				06E455B7201D16A1001C72AA /* MoodSelector.swift */,
				06E45590201D1534001C72AA /* Assets.xcassets */,
				06E45592201D1534001C72AA /* LaunchScreen.storyboard */,
				06E45595201D1534001C72AA /* Info.plist */,
			);
			path = CheckIn;
			sourceTree = "<group>";
		};
		06E4559D201D1534001C72AA /* CheckInTests */ = {
			isa = PBXGroup;
			children = (
				06E4559E201D1534001C72AA /* CheckInTests.swift */,
				06E455A0201D1534001C72AA /* Info.plist */,
			);
			path = CheckInTests;
			sourceTree = "<group>";
		};
		06E455A8201D1534001C72AA /* CheckInUITests */ = {
			isa = PBXGroup;
			children = (
				06E455A9201D1534001C72AA /* CheckInUITests.swift */,
				06E455AB201D1534001C72AA /* Info.plist */,
			);
			path = CheckInUITests;
			sourceTree = "<group>";
		};
/* End PBXGroup section */

/* Begin PBXNativeTarget section */
		06E45585201D1534001C72AA /* CheckIn */ = {
			isa = PBXNativeTarget;
			buildConfigurationList = 06E455AE201D1534001C72AA /* Build configuration list for PBXNativeTarget "CheckIn" */;
			buildPhases = (
				06E45582201D1534001C72AA /* Sources */,
				06E45583201D1534001C72AA /* Frameworks */,
				06E45584201D1534001C72AA /* Resources */,
			);
			buildRules = (
			);
			dependencies = (
			);
			name = CheckIn;
			productName = CheckIn;
			productReference = 06E45586201D1534001C72AA /* CheckIn.app */;
			productType = "com.apple.product-type.application";
		};
		06E45599201D1534001C72AA /* CheckInTests */ = {
			isa = PBXNativeTarget;
			buildConfigurationList = 06E455B1201D1534001C72AA /* Build configuration list for PBXNativeTarget "CheckInTests" */;
			buildPhases = (
				06E45596201D1534001C72AA /* Sources */,
				06E45597201D1534001C72AA /* Frameworks */,
				06E45598201D1534001C72AA /* Resources */,
			);
			buildRules = (
			);
			dependencies = (
				06E4559C201D1534001C72AA /* PBXTargetDependency */,
			);
			name = CheckInTests;
			productName = CheckInTests;
			productReference = 06E4559A201D1534001C72AA /* CheckInTests.xctest */;
			productType = "com.apple.product-type.bundle.unit-test";
		};
		06E455A4201D1534001C72AA /* CheckInUITests */ = {
			isa = PBXNativeTarget;
			buildConfigurationList = 06E455B4201D1534001C72AA /* Build configuration list for PBXNativeTarget "CheckInUITests" */;
			buildPhases = (
				06E455A1201D1534001C72AA /* Sources */,
				06E455A2201D1534001C72AA /* Frameworks */,
				06E455A3201D1534001C72AA /* Resources */,
			);
			buildRules = (
			);
			dependencies = (
				06E455A7201D1534001C72AA /* PBXTargetDependency */,
			);
			name = CheckInUITests;
			productName = CheckInUITests;
			productReference = 06E455A5201D1534001C72AA /* CheckInUITests.xctest */;
			productType = "com.apple.product-type.bundle.ui-testing";
		};
/* End PBXNativeTarget section */

/* Begin PBXProject section */
		06E4557E201D1534001C72AA /* Project object */ = {
			isa = PBXProject;
			attributes = {
				LastSwiftUpdateCheck = 0920;
				LastUpgradeCheck = 0920;
				ORGANIZATIONNAME = TeamCheckIn;
				TargetAttributes = {
					06E45585201D1534001C72AA = {
						CreatedOnToolsVersion = 9.2;
						ProvisioningStyle = Automatic;
					};
					06E45599201D1534001C72AA = {
						CreatedOnToolsVersion = 9.2;
						ProvisioningStyle = Automatic;
						TestTargetID = 06E45585201D1534001C72AA;
					};
					06E455A4201D1534001C72AA = {
						CreatedOnToolsVersion = 9.2;
						ProvisioningStyle = Automatic;
						TestTargetID = 06E45585201D1534001C72AA;
					};
				};
			};
			buildConfigurationList = 06E45581201D1534001C72AA /* Build configuration list for PBXProject "CheckIn" */;
			compatibilityVersion = "Xcode 8.0";
			developmentRegion = en;
			hasScannedForEncodings = 0;
			knownRegions = (
				en,
				Base,
			);
			mainGroup = 06E4557D201D1534001C72AA;
			productRefGroup = 06E45587201D1534001C72AA /* Products */;
			projectDirPath = "";
			projectRoot = "";
			targets = (
				06E45585201D1534001C72AA /* CheckIn */,
				06E45599201D1534001C72AA /* CheckInTests */,
				06E455A4201D1534001C72AA /* CheckInUITests */,
			);
		};
/* End PBXProject section */

/* Begin PBXResourcesBuildPhase section */
		06E45584201D1534001C72AA /* Resources */ = {
			isa = PBXResourcesBuildPhase;
			buildActionMask = 2147483647;
			files = (
				06E45594201D1534001C72AA /* LaunchScreen.storyboard in Resources */,
				06E45591201D1534001C72AA /* Assets.xcassets in Resources */,
				06E4558F201D1534001C72AA /* Main.storyboard in Resources */,
			);
			runOnlyForDeploymentPostprocessing = 0;
		};
		06E45598201D1534001C72AA /* Resources */ = {
			isa = PBXResourcesBuildPhase;
			buildActionMask = 2147483647;
			files = (
			);
			runOnlyForDeploymentPostprocessing = 0;
		};
		06E455A3201D1534001C72AA /* Resources */ = {
			isa = PBXResourcesBuildPhase;
			buildActionMask = 2147483647;
			files = (
			);
			runOnlyForDeploymentPostprocessing = 0;
		};
/* End PBXResourcesBuildPhase section */

/* Begin PBXSourcesBuildPhase section */
		06E45582201D1534001C72AA /* Sources */ = {
			isa = PBXSourcesBuildPhase;
			buildActionMask = 2147483647;
			files = (
				06E455B8201D16A1001C72AA /* MoodSelector.swift in Sources */,
				06E455BA201D3BAE001C72AA /* ViewControllerMood.swift in Sources */,
				06E4558C201D1534001C72AA /* ViewController.swift in Sources */,
				06E4558A201D1534001C72AA /* AppDelegate.swift in Sources */,
			);
			runOnlyForDeploymentPostprocessing = 0;
		};
		06E45596201D1534001C72AA /* Sources */ = {
			isa = PBXSourcesBuildPhase;
			buildActionMask = 2147483647;
			files = (
				06E4559F201D1534001C72AA /* CheckInTests.swift in Sources */,
			);
			runOnlyForDeploymentPostprocessing = 0;
		};
		06E455A1201D1534001C72AA /* Sources */ = {
			isa = PBXSourcesBuildPhase;
			buildActionMask = 2147483647;
			files = (
				06E455AA201D1534001C72AA /* CheckInUITests.swift in Sources */,
			);
			runOnlyForDeploymentPostprocessing = 0;
		};
/* End PBXSourcesBuildPhase section */

/* Begin PBXTargetDependency section */
		06E4559C201D1534001C72AA /* PBXTargetDependency */ = {
			isa = PBXTargetDependency;
			target = 06E45585201D1534001C72AA /* CheckIn */;
			targetProxy = 06E4559B201D1534001C72AA /* PBXContainerItemProxy */;
		};
		06E455A7201D1534001C72AA /* PBXTargetDependency */ = {
			isa = PBXTargetDependency;
			target = 06E45585201D1534001C72AA /* CheckIn */;
			targetProxy = 06E455A6201D1534001C72AA /* PBXContainerItemProxy */;
		};
/* End PBXTargetDependency section */

/* Begin PBXVariantGroup section */
		06E4558D201D1534001C72AA /* Main.storyboard */ = {
			isa = PBXVariantGroup;
			children = (
				06E4558E201D1534001C72AA /* Base */,
			);
			name = Main.storyboard;
			sourceTree = "<group>";
		};
		06E45592201D1534001C72AA /* LaunchScreen.storyboard */ = {
			isa = PBXVariantGroup;
			children = (
				06E45593201D1534001C72AA /* Base */,
			);
			name = LaunchScreen.storyboard;
			sourceTree = "<group>";
		};
/* End PBXVariantGroup section */

/* Begin XCBuildConfiguration section */
		06E455AC201D1534001C72AA /* Debug */ = {
			isa = XCBuildConfiguration;
			buildSettings = {
				ALWAYS_SEARCH_USER_PATHS = NO;
				CLANG_ANALYZER_NONNULL = YES;
				CLANG_ANALYZER_NUMBER_OBJECT_CONVERSION = YES_AGGRESSIVE;
				CLANG_CXX_LANGUAGE_STANDARD = "gnu++14";
				CLANG_CXX_LIBRARY = "libc++";
				CLANG_ENABLE_MODULES = YES;
				CLANG_ENABLE_OBJC_ARC = YES;
				CLANG_WARN_BLOCK_CAPTURE_AUTORELEASING = YES;
				CLANG_WARN_BOOL_CONVERSION = YES;
				CLANG_WARN_COMMA = YES;
				CLANG_WARN_CONSTANT_CONVERSION = YES;
				CLANG_WARN_DIRECT_OBJC_ISA_USAGE = YES_ERROR;
				CLANG_WARN_DOCUMENTATION_COMMENTS = YES;
				CLANG_WARN_EMPTY_BODY = YES;
				CLANG_WARN_ENUM_CONVERSION = YES;
				CLANG_WARN_INFINITE_RECURSION = YES;
				CLANG_WARN_INT_CONVERSION = YES;
				CLANG_WARN_NON_LITERAL_NULL_CONVERSION = YES;
				CLANG_WARN_OBJC_LITERAL_CONVERSION = YES;
				CLANG_WARN_OBJC_ROOT_CLASS = YES_ERROR;
				CLANG_WARN_RANGE_LOOP_ANALYSIS = YES;
				CLANG_WARN_STRICT_PROTOTYPES = YES;
				CLANG_WARN_SUSPICIOUS_MOVE = YES;
				CLANG_WARN_UNGUARDED_AVAILABILITY = YES_AGGRESSIVE;
				CLANG_WARN_UNREACHABLE_CODE = YES;
				CLANG_WARN__DUPLICATE_METHOD_MATCH = YES;
				CODE_SIGN_IDENTITY = "iPhone Developer";
				COPY_PHASE_STRIP = NO;
				DEBUG_INFORMATION_FORMAT = dwarf;
				ENABLE_STRICT_OBJC_MSGSEND = YES;
				ENABLE_TESTABILITY = YES;
				GCC_C_LANGUAGE_STANDARD = gnu11;
				GCC_DYNAMIC_NO_PIC = NO;
				GCC_NO_COMMON_BLOCKS = YES;
				GCC_OPTIMIZATION_LEVEL = 0;
				GCC_PREPROCESSOR_DEFINITIONS = (
					"DEBUG=1",
					"$(inherited)",
				);
				GCC_WARN_64_TO_32_BIT_CONVERSION = YES;
				GCC_WARN_ABOUT_RETURN_TYPE = YES_ERROR;
				GCC_WARN_UNDECLARED_SELECTOR = YES;
				GCC_WARN_UNINITIALIZED_AUTOS = YES_AGGRESSIVE;
				GCC_WARN_UNUSED_FUNCTION = YES;
				GCC_WARN_UNUSED_VARIABLE = YES;
				IPHONEOS_DEPLOYMENT_TARGET = 11.2;
				MTL_ENABLE_DEBUG_INFO = YES;
				ONLY_ACTIVE_ARCH = YES;
				SDKROOT = iphoneos;
				SWIFT_ACTIVE_COMPILATION_CONDITIONS = DEBUG;
				SWIFT_OPTIMIZATION_LEVEL = "-Onone";
			};
			name = Debug;
		};
		06E455AD201D1534001C72AA /* Release */ = {
			isa = XCBuildConfiguration;
			buildSettings = {
				ALWAYS_SEARCH_USER_PATHS = NO;
				CLANG_ANALYZER_NONNULL = YES;
				CLANG_ANALYZER_NUMBER_OBJECT_CONVERSION = YES_AGGRESSIVE;
				CLANG_CXX_LANGUAGE_STANDARD = "gnu++14";
				CLANG_CXX_LIBRARY = "libc++";
				CLANG_ENABLE_MODULES = YES;
				CLANG_ENABLE_OBJC_ARC = YES;
				CLANG_WARN_BLOCK_CAPTURE_AUTORELEASING = YES;
				CLANG_WARN_BOOL_CONVERSION = YES;
				CLANG_WARN_COMMA = YES;
				CLANG_WARN_CONSTANT_CONVERSION = YES;
				CLANG_WARN_DIRECT_OBJC_ISA_USAGE = YES_ERROR;
				CLANG_WARN_DOCUMENTATION_COMMENTS = YES;
				CLANG_WARN_EMPTY_BODY = YES;
				CLANG_WARN_ENUM_CONVERSION = YES;
				CLANG_WARN_INFINITE_RECURSION = YES;
				CLANG_WARN_INT_CONVERSION = YES;
				CLANG_WARN_NON_LITERAL_NULL_CONVERSION = YES;
				CLANG_WARN_OBJC_LITERAL_CONVERSION = YES;
				CLANG_WARN_OBJC_ROOT_CLASS = YES_ERROR;
				CLANG_WARN_RANGE_LOOP_ANALYSIS = YES;
				CLANG_WARN_STRICT_PROTOTYPES = YES;
				CLANG_WARN_SUSPICIOUS_MOVE = YES;
				CLANG_WARN_UNGUARDED_AVAILABILITY = YES_AGGRESSIVE;
				CLANG_WARN_UNREACHABLE_CODE = YES;
				CLANG_WARN__DUPLICATE_METHOD_MATCH = YES;
				CODE_SIGN_IDENTITY = "iPhone Developer";
				COPY_PHASE_STRIP = NO;
				DEBUG_INFORMATION_FORMAT = "dwarf-with-dsym";
				ENABLE_NS_ASSERTIONS = NO;
				ENABLE_STRICT_OBJC_MSGSEND = YES;
				GCC_C_LANGUAGE_STANDARD = gnu11;
				GCC_NO_COMMON_BLOCKS = YES;
				GCC_WARN_64_TO_32_BIT_CONVERSION = YES;
				GCC_WARN_ABOUT_RETURN_TYPE = YES_ERROR;
				GCC_WARN_UNDECLARED_SELECTOR = YES;
				GCC_WARN_UNINITIALIZED_AUTOS = YES_AGGRESSIVE;
				GCC_WARN_UNUSED_FUNCTION = YES;
				GCC_WARN_UNUSED_VARIABLE = YES;
				IPHONEOS_DEPLOYMENT_TARGET = 11.2;
				MTL_ENABLE_DEBUG_INFO = NO;
				SDKROOT = iphoneos;
				SWIFT_OPTIMIZATION_LEVEL = "-Owholemodule";
				VALIDATE_PRODUCT = YES;
			};
			name = Release;
		};
		06E455AF201D1534001C72AA /* Debug */ = {
			isa = XCBuildConfiguration;
			buildSettings = {
				ASSETCATALOG_COMPILER_APPICON_NAME = AppIcon;
				CODE_SIGN_STYLE = Automatic;
				INFOPLIST_FILE = CheckIn/Info.plist;
				LD_RUNPATH_SEARCH_PATHS = "$(inherited) @executable_path/Frameworks";
				PRODUCT_BUNDLE_IDENTIFIER = TeachCheckIn.CheckIn;
				PRODUCT_NAME = "$(TARGET_NAME)";
				SWIFT_VERSION = 4.0;
				TARGETED_DEVICE_FAMILY = "1,2";
			};
			name = Debug;
		};
		06E455B0201D1534001C72AA /* Release */ = {
			isa = XCBuildConfiguration;
			buildSettings = {
				ASSETCATALOG_COMPILER_APPICON_NAME = AppIcon;
				CODE_SIGN_STYLE = Automatic;
				INFOPLIST_FILE = CheckIn/Info.plist;
				LD_RUNPATH_SEARCH_PATHS = "$(inherited) @executable_path/Frameworks";
				PRODUCT_BUNDLE_IDENTIFIER = TeachCheckIn.CheckIn;
				PRODUCT_NAME = "$(TARGET_NAME)";
				SWIFT_VERSION = 4.0;
				TARGETED_DEVICE_FAMILY = "1,2";
			};
			name = Release;
		};
		06E455B2201D1534001C72AA /* Debug */ = {
			isa = XCBuildConfiguration;
			buildSettings = {
				ALWAYS_EMBED_SWIFT_STANDARD_LIBRARIES = YES;
				BUNDLE_LOADER = "$(TEST_HOST)";
				CODE_SIGN_STYLE = Automatic;
				INFOPLIST_FILE = CheckInTests/Info.plist;
				LD_RUNPATH_SEARCH_PATHS = "$(inherited) @executable_path/Frameworks @loader_path/Frameworks";
				PRODUCT_BUNDLE_IDENTIFIER = TeachCheckIn.CheckInTests;
				PRODUCT_NAME = "$(TARGET_NAME)";
				SWIFT_VERSION = 4.0;
				TARGETED_DEVICE_FAMILY = "1,2";
				TEST_HOST = "$(BUILT_PRODUCTS_DIR)/CheckIn.app/CheckIn";
			};
			name = Debug;
		};
		06E455B3201D1534001C72AA /* Release */ = {
			isa = XCBuildConfiguration;
			buildSettings = {
				ALWAYS_EMBED_SWIFT_STANDARD_LIBRARIES = YES;
				BUNDLE_LOADER = "$(TEST_HOST)";
				CODE_SIGN_STYLE = Automatic;
				INFOPLIST_FILE = CheckInTests/Info.plist;
				LD_RUNPATH_SEARCH_PATHS = "$(inherited) @executable_path/Frameworks @loader_path/Frameworks";
				PRODUCT_BUNDLE_IDENTIFIER = TeachCheckIn.CheckInTests;
				PRODUCT_NAME = "$(TARGET_NAME)";
				SWIFT_VERSION = 4.0;
				TARGETED_DEVICE_FAMILY = "1,2";
				TEST_HOST = "$(BUILT_PRODUCTS_DIR)/CheckIn.app/CheckIn";
			};
			name = Release;
		};
		06E455B5201D1534001C72AA /* Debug */ = {
			isa = XCBuildConfiguration;
			buildSettings = {
				ALWAYS_EMBED_SWIFT_STANDARD_LIBRARIES = YES;
				CODE_SIGN_STYLE = Automatic;
				INFOPLIST_FILE = CheckInUITests/Info.plist;
				LD_RUNPATH_SEARCH_PATHS = "$(inherited) @executable_path/Frameworks @loader_path/Frameworks";
				PRODUCT_BUNDLE_IDENTIFIER = TeachCheckIn.CheckInUITests;
				PRODUCT_NAME = "$(TARGET_NAME)";
				SWIFT_VERSION = 4.0;
				TARGETED_DEVICE_FAMILY = "1,2";
				TEST_TARGET_NAME = CheckIn;
			};
			name = Debug;
		};
		06E455B6201D1534001C72AA /* Release */ = {
			isa = XCBuildConfiguration;
			buildSettings = {
				ALWAYS_EMBED_SWIFT_STANDARD_LIBRARIES = YES;
				CODE_SIGN_STYLE = Automatic;
				INFOPLIST_FILE = CheckInUITests/Info.plist;
				LD_RUNPATH_SEARCH_PATHS = "$(inherited) @executable_path/Frameworks @loader_path/Frameworks";
				PRODUCT_BUNDLE_IDENTIFIER = TeachCheckIn.CheckInUITests;
				PRODUCT_NAME = "$(TARGET_NAME)";
				SWIFT_VERSION = 4.0;
				TARGETED_DEVICE_FAMILY = "1,2";
				TEST_TARGET_NAME = CheckIn;
			};
			name = Release;
		};
/* End XCBuildConfiguration section */

/* Begin XCConfigurationList section */
		06E45581201D1534001C72AA /* Build configuration list for PBXProject "CheckIn" */ = {
			isa = XCConfigurationList;
			buildConfigurations = (
				06E455AC201D1534001C72AA /* Debug */,
				06E455AD201D1534001C72AA /* Release */,
			);
			defaultConfigurationIsVisible = 0;
			defaultConfigurationName = Release;
		};
		06E455AE201D1534001C72AA /* Build configuration list for PBXNativeTarget "CheckIn" */ = {
			isa = XCConfigurationList;
			buildConfigurations = (
				06E455AF201D1534001C72AA /* Debug */,
				06E455B0201D1534001C72AA /* Release */,
			);
			defaultConfigurationIsVisible = 0;
			defaultConfigurationName = Release;
		};
		06E455B1201D1534001C72AA /* Build configuration list for PBXNativeTarget "CheckInTests" */ = {
			isa = XCConfigurationList;
			buildConfigurations = (
				06E455B2201D1534001C72AA /* Debug */,
				06E455B3201D1534001C72AA /* Release */,
			);
			defaultConfigurationIsVisible = 0;
			defaultConfigurationName = Release;
		};
		06E455B4201D1534001C72AA /* Build configuration list for PBXNativeTarget "CheckInUITests" */ = {
			isa = XCConfigurationList;
			buildConfigurations = (
				06E455B5201D1534001C72AA /* Debug */,
				06E455B6201D1534001C72AA /* Release */,
			);
			defaultConfigurationIsVisible = 0;
			defaultConfigurationName = Release;
		};
/* End XCConfigurationList section */
	};
	rootObject = 06E4557E201D1534001C72AA /* Project object */;
}
